
Microsoft Visual Studio Solution File, Format Version 12.00
# Visual Studio Version 16
VisualStudioVersion = 16.0.31402.337
MinimumVisualStudioVersion = 10.0.40219.1
Project("{FAE04EC0-301F-11D3-BF4B-00C04F79EFBC}") = "Calculator.ConsoleCalculator", "Calculator.ConsoleCalculator\Calculator.ConsoleCalculator.csproj", "{217F455E-182D-4E82-8181-7EC7BB6527E1}"
EndProject
Project("{FAE04EC0-301F-11D3-BF4B-00C04F79EFBC}") = "Calculator.CalculatorLogic", "Calculator.CalculatorLogic\Calculator.CalculatorLogic.csproj", "{C5902D2D-F0F9-40B8-9783-3642C53CD77B}"
EndProject
Global
	GlobalSection(SolutionConfigurationPlatforms) = preSolution
		Debug|Any CPU = Debug|Any CPU
		Release|Any CPU = Release|Any CPU
	EndGlobalSection
	GlobalSection(ProjectConfigurationPlatforms) = postSolution
		{217F455E-182D-4E82-8181-7EC7BB6527E1}.Debug|Any CPU.ActiveCfg = Debug|Any CPU
		{217F455E-182D-4E82-8181-7EC7BB6527E1}.Debug|Any CPU.Build.0 = Debug|Any CPU
		{217F455E-182D-4E82-8181-7EC7BB6527E1}.Release|Any CPU.ActiveCfg = Release|Any CPU
		{217F455E-182D-4E82-8181-7EC7BB6527E1}.Release|Any CPU.Build.0 = Release|Any CPU
		{C5902D2D-F0F9-40B8-9783-3642C53CD77B}.Debug|Any CPU.ActiveCfg = Debug|Any CPU
		{C5902D2D-F0F9-40B8-9783-3642C53CD77B}.Debug|Any CPU.Build.0 = Debug|Any CPU
		{C5902D2D-F0F9-40B8-9783-3642C53CD77B}.Release|Any CPU.ActiveCfg = Release|Any CPU
		{C5902D2D-F0F9-40B8-9783-3642C53CD77B}.Release|Any CPU.Build.0 = Release|Any CPU
	EndGlobalSection
	GlobalSection(SolutionProperties) = preSolution
		HideSolutionNode = FALSE
	EndGlobalSection
	GlobalSection(ExtensibilityGlobals) = postSolution
		SolutionGuid = {95459690-7469-4909-9D23-FC7B1B8BA089}
	EndGlobalSection
EndGlobal
