
Microsoft Visual Studio Solution File, Format Version 12.00
# Visual Studio Version 16
VisualStudioVersion = 16.0.31402.337
MinimumVisualStudioVersion = 10.0.40219.1
Project("{FAE04EC0-301F-11D3-BF4B-00C04F79EFBC}") = "LB_7_IND", "LB_7_IND\LB_7_IND.csproj", "{D953DF36-6085-4705-A886-F361D4AB1930}"
EndProject
Global
	GlobalSection(SolutionConfigurationPlatforms) = preSolution
		Debug|Any CPU = Debug|Any CPU
		Release|Any CPU = Release|Any CPU
	EndGlobalSection
	GlobalSection(ProjectConfigurationPlatforms) = postSolution
		{D953DF36-6085-4705-A886-F361D4AB1930}.Debug|Any CPU.ActiveCfg = Debug|Any CPU
		{D953DF36-6085-4705-A886-F361D4AB1930}.Debug|Any CPU.Build.0 = Debug|Any CPU
		{D953DF36-6085-4705-A886-F361D4AB1930}.Release|Any CPU.ActiveCfg = Release|Any CPU
		{D953DF36-6085-4705-A886-F361D4AB1930}.Release|Any CPU.Build.0 = Release|Any CPU
	EndGlobalSection
	GlobalSection(SolutionProperties) = preSolution
		HideSolutionNode = FALSE
	EndGlobalSection
	GlobalSection(ExtensibilityGlobals) = postSolution
		SolutionGuid = {F5C40C78-B0E4-42A4-85B5-D065490C7B28}
	EndGlobalSection
EndGlobal
